
Microsoft Visual Studio Solution File, Format Version 12.00
# Visual Studio Version 17
VisualStudioVersion = 17.13.35931.197 d17.13
MinimumVisualStudioVersion = 10.0.40219.1
Project("{FAE04EC0-301F-11D3-BF4B-00C04F79EFBC}") = "SaveOrderManager", "SaveOrderManager.csproj", "{208F2262-3DCC-4483-A29D-DACC04ACED31}"
EndProject
Global
	GlobalSection(SolutionConfigurationPlatforms) = preSolution
		Debug|Any CPU = Debug|Any CPU
		Release|Any CPU = Release|Any CPU
	EndGlobalSection
	GlobalSection(ProjectConfigurationPlatforms) = postSolution
		{208F2262-3DCC-4483-A29D-DACC04ACED31}.Debug|Any CPU.ActiveCfg = Debug|Any CPU
		{208F2262-3DCC-4483-A29D-DACC04ACED31}.Debug|Any CPU.Build.0 = Debug|Any CPU
		{208F2262-3DCC-4483-A29D-DACC04ACED31}.Release|Any CPU.ActiveCfg = Release|Any CPU
		{208F2262-3DCC-4483-A29D-DACC04ACED31}.Release|Any CPU.Build.0 = Release|Any CPU
	EndGlobalSection
	GlobalSection(SolutionProperties) = preSolution
		HideSolutionNode = FALSE
	EndGlobalSection
	GlobalSection(ExtensibilityGlobals) = postSolution
		SolutionGuid = {652452CC-A334-4B25-B1F2-B885CAF42368}
	EndGlobalSection
EndGlobal
